PODS:
  - Flutter (1.0.0)
  - integration_test (0.0.1):
    - Flutter
  - screen_helper (0.0.1):
    - Flutter

DEPENDENCIES:
  - Flutter (from `Flutter`)
  - integration_test (from `.symlinks/plugins/integration_test/ios`)
  - screen_helper (from `.symlinks/plugins/screen_helper/ios`)

EXTERNAL SOURCES:
  Flutter:
    :path: Flutter
  integration_test:
    :path: ".symlinks/plugins/integration_test/ios"
  screen_helper:
    :path: ".symlinks/plugins/screen_helper/ios"

SPEC CHECKSUMS:
  Flutter: e0871f40cf51350855a761d2e70bf5af5b9b5de7
  integration_test: 13825b8a9334a850581300559b8839134b124670
  screen_helper: 54d9bbb94b063312ee1e0ab176fb946f09f1e63d

PODFILE CHECKSUM: 819463e6a0290f5a72f145ba7cde16e8b6ef0796

COCOAPODS: 1.15.2
